
Microsoft Visual Studio Solution File, Format Version 12.00
# Visual Studio Version 17
VisualStudioVersion = 17.2.32630.192
MinimumVisualStudioVersion = 10.0.40219.1
Project("{FAE04EC0-301F-11D3-BF4B-00C04F79EFBC}") = "visualizing", "visualizing\visualizing.csproj", "{955529D7-9D54-4A78-A501-971CA0B03EEC}"
EndProject
Global
	GlobalSection(SolutionConfigurationPlatforms) = preSolution
		Debug|Any CPU = Debug|Any CPU
		Release|Any CPU = Release|Any CPU
	EndGlobalSection
	GlobalSection(ProjectConfigurationPlatforms) = postSolution
		{955529D7-9D54-4A78-A501-971CA0B03EEC}.Debug|Any CPU.ActiveCfg = Debug|Any CPU
		{955529D7-9D54-4A78-A501-971CA0B03EEC}.Debug|Any CPU.Build.0 = Debug|Any CPU
		{955529D7-9D54-4A78-A501-971CA0B03EEC}.Release|Any CPU.ActiveCfg = Release|Any CPU
		{955529D7-9D54-4A78-A501-971CA0B03EEC}.Release|Any CPU.Build.0 = Release|Any CPU
	EndGlobalSection
	GlobalSection(SolutionProperties) = preSolution
		HideSolutionNode = FALSE
	EndGlobalSection
	GlobalSection(ExtensibilityGlobals) = postSolution
		SolutionGuid = {4A55D172-03AB-45CF-9566-E70580B0D9F6}
	EndGlobalSection
EndGlobal
